// !$*UTF8*$!
{
	archiveVersion = 1;
	classes = {
	};
	objectVersion = 46;
	objects = {

/* Begin PBXBuildFile section */
		2EF27C8B1D72B56900422A28 /* unitTest.swift in Sources */ = {isa = PBXBuildFile; fileRef = 2EF27C8A1D72B56900422A28 /* unitTest.swift */; };
		2EF27C911D72B58200422A28 /* NodePathFinder.swift in Sources */ = {isa = PBXBuildFile; fileRef = 2EF27C901D72B58200422A28 /* NodePathFinder.swift */; };
		2EF27C921D72B58D00422A28 /* NodePathFinder.swift in Sources */ = {isa = PBXBuildFile; fileRef = 2EF27C901D72B58200422A28 /* NodePathFinder.swift */; };
		2EF27C931D72B61100422A28 /* Tree.swift in Sources */ = {isa = PBXBuildFile; fileRef = 2EFEA1D01D72637000D1AB93 /* Tree.swift */; };
		2EF27D1D1D7305F800422A28 /* NodeDebugExtension.swift in Sources */ = {isa = PBXBuildFile; fileRef = 2EF27D1C1D7305F800422A28 /* NodeDebugExtension.swift */; };
		2EFEA1C81D72634500D1AB93 /* main.swift in Sources */ = {isa = PBXBuildFile; fileRef = 2EFEA1C71D72634500D1AB93 /* main.swift */; };
		2EFEA1D11D72637000D1AB93 /* Tree.swift in Sources */ = {isa = PBXBuildFile; fileRef = 2EFEA1D01D72637000D1AB93 /* Tree.swift */; };
/* End PBXBuildFile section */

/* Begin PBXCopyFilesBuildPhase section */
		2EFEA1C21D72634500D1AB93 /* CopyFiles */ = {
			isa = PBXCopyFilesBuildPhase;
			buildActionMask = 2147483647;
			dstPath = /usr/share/man/man1/;
			dstSubfolderSpec = 0;
			files = (
			);
			runOnlyForDeploymentPostprocessing = 1;
		};
/* End PBXCopyFilesBuildPhase section */

/* Begin PBXFileReference section */
		2EF27C881D72B56900422A28 /* unitTest.xctest */ = {isa = PBXFileReference; explicitFileType = wrapper.cfbundle; includeInIndex = 0; path = unitTest.xctest; sourceTree = BUILT_PRODUCTS_DIR; };
		2EF27C8A1D72B56900422A28 /* unitTest.swift */ = {isa = PBXFileReference; lastKnownFileType = sourcecode.swift; path = unitTest.swift; sourceTree = "<group>"; };
		2EF27C8C1D72B56900422A28 /* Info.plist */ = {isa = PBXFileReference; lastKnownFileType = text.plist.xml; path = Info.plist; sourceTree = "<group>"; };
		2EF27C901D72B58200422A28 /* NodePathFinder.swift */ = {isa = PBXFileReference; fileEncoding = 4; lastKnownFileType = sourcecode.swift; path = NodePathFinder.swift; sourceTree = "<group>"; };
		2EF27D1C1D7305F800422A28 /* NodeDebugExtension.swift */ = {isa = PBXFileReference; fileEncoding = 4; lastKnownFileType = sourcecode.swift; path = NodeDebugExtension.swift; sourceTree = "<group>"; };
		2EFEA1C41D72634500D1AB93 /* Path2 */ = {isa = PBXFileReference; explicitFileType = "compiled.mach-o.executable"; includeInIndex = 0; path = Path2; sourceTree = BUILT_PRODUCTS_DIR; };
		2EFEA1C71D72634500D1AB93 /* main.swift */ = {isa = PBXFileReference; lastKnownFileType = sourcecode.swift; path = main.swift; sourceTree = "<group>"; };
		2EFEA1D01D72637000D1AB93 /* Tree.swift */ = {isa = PBXFileReference; fileEncoding = 4; lastKnownFileType = sourcecode.swift; path = Tree.swift; sourceTree = "<group>"; };
/* End PBXFileReference section */

/* Begin PBXFrameworksBuildPhase section */
		2EF27C851D72B56900422A28 /* Frameworks */ = {
			isa = PBXFrameworksBuildPhase;
			buildActionMask = 2147483647;
			files = (
			);
			runOnlyForDeploymentPostprocessing = 0;
		};
		2EFEA1C11D72634500D1AB93 /* Frameworks */ = {
			isa = PBXFrameworksBuildPhase;
			buildActionMask = 2147483647;
			files = (
			);
			runOnlyForDeploymentPostprocessing = 0;
		};
/* End PBXFrameworksBuildPhase section */

/* Begin PBXGroup section */
		2EF27C891D72B56900422A28 /* unitTest */ = {
			isa = PBXGroup;
			children = (
				2EF27C8A1D72B56900422A28 /* unitTest.swift */,
				2EF27C8C1D72B56900422A28 /* Info.plist */,
			);
			path = unitTest;
			sourceTree = "<group>";
		};
		2EFEA1BB1D72634500D1AB93 = {
			isa = PBXGroup;
			children = (
				2EFEA1C61D72634500D1AB93 /* Path2 */,
				2EF27C891D72B56900422A28 /* unitTest */,
				2EFEA1C51D72634500D1AB93 /* Products */,
			);
			sourceTree = "<group>";
		};
		2EFEA1C51D72634500D1AB93 /* Products */ = {
			isa = PBXGroup;
			children = (
				2EFEA1C41D72634500D1AB93 /* Path2 */,
				2EF27C881D72B56900422A28 /* unitTest.xctest */,
			);
			name = Products;
			sourceTree = "<group>";
		};
		2EFEA1C61D72634500D1AB93 /* Path2 */ = {
			isa = PBXGroup;
			children = (
				2EFEA1C71D72634500D1AB93 /* main.swift */,
				2EF27C901D72B58200422A28 /* NodePathFinder.swift */,
				2EF27D1C1D7305F800422A28 /* NodeDebugExtension.swift */,
				2EFEA1D01D72637000D1AB93 /* Tree.swift */,
			);
			path = Path2;
			sourceTree = "<group>";
		};
/* End PBXGroup section */

/* Begin PBXNativeTarget section */
		2EF27C871D72B56900422A28 /* unitTest */ = {
			isa = PBXNativeTarget;
			buildConfigurationList = 2EF27C8D1D72B56900422A28 /* Build configuration list for PBXNativeTarget "unitTest" */;
			buildPhases = (
				2EF27C841D72B56900422A28 /* Sources */,
				2EF27C851D72B56900422A28 /* Frameworks */,
				2EF27C861D72B56900422A28 /* Resources */,
			);
			buildRules = (
			);
			dependencies = (
			);
			name = unitTest;
			productName = unitTest;
			productReference = 2EF27C881D72B56900422A28 /* unitTest.xctest */;
			productType = "com.apple.product-type.bundle.unit-test";
		};
		2EFEA1C31D72634500D1AB93 /* Path2 */ = {
			isa = PBXNativeTarget;
			buildConfigurationList = 2EFEA1CB1D72634500D1AB93 /* Build configuration list for PBXNativeTarget "Path2" */;
			buildPhases = (
				2EFEA1C01D72634500D1AB93 /* Sources */,
				2EFEA1C11D72634500D1AB93 /* Frameworks */,
				2EFEA1C21D72634500D1AB93 /* CopyFiles */,
			);
			buildRules = (
			);
			dependencies = (
			);
			name = Path2;
			productName = Path2;
			productReference = 2EFEA1C41D72634500D1AB93 /* Path2 */;
			productType = "com.apple.product-type.tool";
		};
/* End PBXNativeTarget section */

/* Begin PBXProject section */
		2EFEA1BC1D72634500D1AB93 /* Project object */ = {
			isa = PBXProject;
			attributes = {
				KnownAssetTags = (
					New,
				);
				LastSwiftUpdateCheck = 0730;
				LastUpgradeCheck = 0730;
				ORGANIZATIONNAME = "Wojtek Kozlowski";
				TargetAttributes = {
					2EF27C871D72B56900422A28 = {
						CreatedOnToolsVersion = 7.3.1;
					};
					2EFEA1C31D72634500D1AB93 = {
						CreatedOnToolsVersion = 7.3.1;
					};
				};
			};
			buildConfigurationList = 2EFEA1BF1D72634500D1AB93 /* Build configuration list for PBXProject "Path2" */;
			compatibilityVersion = "Xcode 3.2";
			developmentRegion = English;
			hasScannedForEncodings = 0;
			knownRegions = (
				en,
			);
			mainGroup = 2EFEA1BB1D72634500D1AB93;
			productRefGroup = 2EFEA1C51D72634500D1AB93 /* Products */;
			projectDirPath = "";
			projectRoot = "";
			targets = (
				2EFEA1C31D72634500D1AB93 /* Path2 */,
				2EF27C871D72B56900422A28 /* unitTest */,
			);
		};
/* End PBXProject section */

/* Begin PBXResourcesBuildPhase section */
		2EF27C861D72B56900422A28 /* Resources */ = {
			isa = PBXResourcesBuildPhase;
			buildActionMask = 2147483647;
			files = (
			);
			runOnlyForDeploymentPostprocessing = 0;
		};
/* End PBXResourcesBuildPhase section */

/* Begin PBXSourcesBuildPhase section */
		2EF27C841D72B56900422A28 /* Sources */ = {
			isa = PBXSourcesBuildPhase;
			buildActionMask = 2147483647;
			files = (
				2EF27C931D72B61100422A28 /* Tree.swift in Sources */,
				2EF27C921D72B58D00422A28 /* NodePathFinder.swift in Sources */,
				2EF27C8B1D72B56900422A28 /* unitTest.swift in Sources */,
			);
			runOnlyForDeploymentPostprocessing = 0;
		};
		2EFEA1C01D72634500D1AB93 /* Sources */ = {
			isa = PBXSourcesBuildPhase;
			buildActionMask = 2147483647;
			files = (
				2EFEA1D11D72637000D1AB93 /* Tree.swift in Sources */,
				2EF27D1D1D7305F800422A28 /* NodeDebugExtension.swift in Sources */,
				2EF27C911D72B58200422A28 /* NodePathFinder.swift in Sources */,
				2EFEA1C81D72634500D1AB93 /* main.swift in Sources */,
			);
			runOnlyForDeploymentPostprocessing = 0;
		};
/* End PBXSourcesBuildPhase section */

/* Begin XCBuildConfiguration section */
		2EF27C8E1D72B56900422A28 /* Debug */ = {
			isa = XCBuildConfiguration;
			buildSettings = {
				COMBINE_HIDPI_IMAGES = YES;
				INFOPLIST_FILE = unitTest/Info.plist;
				LD_RUNPATH_SEARCH_PATHS = "$(inherited) @executable_path/../Frameworks @loader_path/../Frameworks";
				PRODUCT_BUNDLE_IDENTIFIER = com.wojtek.unitTest;
				PRODUCT_NAME = "$(TARGET_NAME)";
			};
			name = Debug;
		};
		2EF27C8F1D72B56900422A28 /* Release */ = {
			isa = XCBuildConfiguration;
			buildSettings = {
				COMBINE_HIDPI_IMAGES = YES;
				INFOPLIST_FILE = unitTest/Info.plist;
				LD_RUNPATH_SEARCH_PATHS = "$(inherited) @executable_path/../Frameworks @loader_path/../Frameworks";
				PRODUCT_BUNDLE_IDENTIFIER = com.wojtek.unitTest;
				PRODUCT_NAME = "$(TARGET_NAME)";
			};
			name = Release;
		};
		2EFEA1C91D72634500D1AB93 /* Debug */ = {
			isa = XCBuildConfiguration;
			buildSettings = {
				ALWAYS_SEARCH_USER_PATHS = NO;
				CLANG_ANALYZER_NONNULL = YES;
				CLANG_CXX_LANGUAGE_STANDARD = "gnu++0x";
				CLANG_CXX_LIBRARY = "libc++";
				CLANG_ENABLE_MODULES = YES;
				CLANG_ENABLE_OBJC_ARC = YES;
				CLANG_WARN_BOOL_CONVERSION = YES;
				CLANG_WARN_CONSTANT_CONVERSION = YES;
				CLANG_WARN_DIRECT_OBJC_ISA_USAGE = YES_ERROR;
				CLANG_WARN_EMPTY_BODY = YES;
				CLANG_WARN_ENUM_CONVERSION = YES;
				CLANG_WARN_INT_CONVERSION = YES;
				CLANG_WARN_OBJC_ROOT_CLASS = YES_ERROR;
				CLANG_WARN_UNREACHABLE_CODE = YES;
				CLANG_WARN__DUPLICATE_METHOD_MATCH = YES;
				CODE_SIGN_IDENTITY = "-";
				COPY_PHASE_STRIP = NO;
				DEBUG_INFORMATION_FORMAT = dwarf;
				ENABLE_STRICT_OBJC_MSGSEND = YES;
				ENABLE_TESTABILITY = YES;
				GCC_C_LANGUAGE_STANDARD = gnu99;
				GCC_DYNAMIC_NO_PIC = NO;
				GCC_NO_COMMON_BLOCKS = YES;
				GCC_OPTIMIZATION_LEVEL = 0;
				GCC_PREPROCESSOR_DEFINITIONS = (
					"DEBUG=1",
					"$(inherited)",
				);
				GCC_WARN_64_TO_32_BIT_CONVERSION = YES;
				GCC_WARN_ABOUT_RETURN_TYPE = YES_ERROR;
				GCC_WARN_UNDECLARED_SELECTOR = YES;
				GCC_WARN_UNINITIALIZED_AUTOS = YES_AGGRESSIVE;
				GCC_WARN_UNUSED_FUNCTION = YES;
				GCC_WARN_UNUSED_VARIABLE = YES;
				MACOSX_DEPLOYMENT_TARGET = 10.11;
				MTL_ENABLE_DEBUG_INFO = YES;
				ONLY_ACTIVE_ARCH = YES;
				SDKROOT = macosx;
				SWIFT_OPTIMIZATION_LEVEL = "-Onone";
			};
			name = Debug;
		};
		2EFEA1CA1D72634500D1AB93 /* Release */ = {
			isa = XCBuildConfiguration;
			buildSettings = {
				ALWAYS_SEARCH_USER_PATHS = NO;
				CLANG_ANALYZER_NONNULL = YES;
				CLANG_CXX_LANGUAGE_STANDARD = "gnu++0x";
				CLANG_CXX_LIBRARY = "libc++";
				CLANG_ENABLE_MODULES = YES;
				CLANG_ENABLE_OBJC_ARC = YES;
				CLANG_WARN_BOOL_CONVERSION = YES;
				CLANG_WARN_CONSTANT_CONVERSION = YES;
				CLANG_WARN_DIRECT_OBJC_ISA_USAGE = YES_ERROR;
				CLANG_WARN_EMPTY_BODY = YES;
				CLANG_WARN_ENUM_CONVERSION = YES;
				CLANG_WARN_INT_CONVERSION = YES;
				CLANG_WARN_OBJC_ROOT_CLASS = YES_ERROR;
				CLANG_WARN_UNREACHABLE_CODE = YES;
				CLANG_WARN__DUPLICATE_METHOD_MATCH = YES;
				CODE_SIGN_IDENTITY = "-";
				COPY_PHASE_STRIP = NO;
				DEBUG_INFORMATION_FORMAT = "dwarf-with-dsym";
				ENABLE_NS_ASSERTIONS = NO;
				ENABLE_STRICT_OBJC_MSGSEND = YES;
				GCC_C_LANGUAGE_STANDARD = gnu99;
				GCC_NO_COMMON_BLOCKS = YES;
				GCC_WARN_64_TO_32_BIT_CONVERSION = YES;
				GCC_WARN_ABOUT_RETURN_TYPE = YES_ERROR;
				GCC_WARN_UNDECLARED_SELECTOR = YES;
				GCC_WARN_UNINITIALIZED_AUTOS = YES_AGGRESSIVE;
				GCC_WARN_UNUSED_FUNCTION = YES;
				GCC_WARN_UNUSED_VARIABLE = YES;
				MACOSX_DEPLOYMENT_TARGET = 10.11;
				MTL_ENABLE_DEBUG_INFO = NO;
				SDKROOT = macosx;
			};
			name = Release;
		};
		2EFEA1CC1D72634500D1AB93 /* Debug */ = {
			isa = XCBuildConfiguration;
			buildSettings = {
				PRODUCT_NAME = "$(TARGET_NAME)";
			};
			name = Debug;
		};
		2EFEA1CD1D72634500D1AB93 /* Release */ = {
			isa = XCBuildConfiguration;
			buildSettings = {
				PRODUCT_NAME = "$(TARGET_NAME)";
			};
			name = Release;
		};
/* End XCBuildConfiguration section */

/* Begin XCConfigurationList section */
		2EF27C8D1D72B56900422A28 /* Build configuration list for PBXNativeTarget "unitTest" */ = {
			isa = XCConfigurationList;
			buildConfigurations = (
				2EF27C8E1D72B56900422A28 /* Debug */,
				2EF27C8F1D72B56900422A28 /* Release */,
			);
			defaultConfigurationIsVisible = 0;
			defaultConfigurationName = Release;
		};
		2EFEA1BF1D72634500D1AB93 /* Build configuration list for PBXProject "Path2" */ = {
			isa = XCConfigurationList;
			buildConfigurations = (
				2EFEA1C91D72634500D1AB93 /* Debug */,
				2EFEA1CA1D72634500D1AB93 /* Release */,
			);
			defaultConfigurationIsVisible = 0;
			defaultConfigurationName = Release;
		};
		2EFEA1CB1D72634500D1AB93 /* Build configuration list for PBXNativeTarget "Path2" */ = {
			isa = XCConfigurationList;
			buildConfigurations = (
				2EFEA1CC1D72634500D1AB93 /* Debug */,
				2EFEA1CD1D72634500D1AB93 /* Release */,
			);
			defaultConfigurationIsVisible = 0;
			defaultConfigurationName = Release;
		};
/* End XCConfigurationList section */
	};
	rootObject = 2EFEA1BC1D72634500D1AB93 /* Project object */;
}
